
Microsoft Visual Studio Solution File, Format Version 12.00
# Visual Studio 15
VisualStudioVersion = 15.0.27512.0
MinimumVisualStudioVersion = 10.0.40219.1
Project("{9A19103F-16F7-4668-BE54-9A1E7A4F7556}") = "TestWebApp", "TestWebApp\TestWebApp.csproj", "{045A051F-9632-4BDA-807A-D5825E35439F}"
EndProject
Project("{9A19103F-16F7-4668-BE54-9A1E7A4F7556}") = "Swashbuckle.SwaggerToPostman", "src\Swashbuckle.SwaggerToPostman.csproj", "{BB9C93FE-1BA8-4813-B1E1-539372447F48}"
EndProject
Project("{9A19103F-16F7-4668-BE54-9A1E7A4F7556}") = "Tests", "Tests\Tests.csproj", "{628A4EB8-94A4-41BB-B6F9-74E13836202F}"
EndProject
Global
	GlobalSection(SolutionConfigurationPlatforms) = preSolution
		Debug|Any CPU = Debug|Any CPU
		Release|Any CPU = Release|Any CPU
	EndGlobalSection
	GlobalSection(ProjectConfigurationPlatforms) = postSolution
		{045A051F-9632-4BDA-807A-D5825E35439F}.Debug|Any CPU.ActiveCfg = Debug|Any CPU
		{045A051F-9632-4BDA-807A-D5825E35439F}.Debug|Any CPU.Build.0 = Debug|Any CPU
		{045A051F-9632-4BDA-807A-D5825E35439F}.Release|Any CPU.ActiveCfg = Release|Any CPU
		{045A051F-9632-4BDA-807A-D5825E35439F}.Release|Any CPU.Build.0 = Release|Any CPU
		{BB9C93FE-1BA8-4813-B1E1-539372447F48}.Debug|Any CPU.ActiveCfg = Debug|Any CPU
		{BB9C93FE-1BA8-4813-B1E1-539372447F48}.Debug|Any CPU.Build.0 = Debug|Any CPU
		{BB9C93FE-1BA8-4813-B1E1-539372447F48}.Release|Any CPU.ActiveCfg = Release|Any CPU
		{BB9C93FE-1BA8-4813-B1E1-539372447F48}.Release|Any CPU.Build.0 = Release|Any CPU
		{628A4EB8-94A4-41BB-B6F9-74E13836202F}.Debug|Any CPU.ActiveCfg = Debug|Any CPU
		{628A4EB8-94A4-41BB-B6F9-74E13836202F}.Debug|Any CPU.Build.0 = Debug|Any CPU
		{628A4EB8-94A4-41BB-B6F9-74E13836202F}.Release|Any CPU.ActiveCfg = Release|Any CPU
		{628A4EB8-94A4-41BB-B6F9-74E13836202F}.Release|Any CPU.Build.0 = Release|Any CPU
	EndGlobalSection
	GlobalSection(SolutionProperties) = preSolution
		HideSolutionNode = FALSE
	EndGlobalSection
	GlobalSection(ExtensibilityGlobals) = postSolution
		SolutionGuid = {BCA9D61B-8575-465A-98F7-E5E5FB7F48BC}
	EndGlobalSection
EndGlobal
